// !$*UTF8*$!
{
	archiveVersion = 1;
	classes = {
	};
	objectVersion = 46;
	objects = {

/* Begin PBXBuildFile section */
		5E0337EF1F5E665000C4D878 /* AppDelegate.swift in Sources */ = {isa = PBXBuildFile; fileRef = 5E0337EE1F5E665000C4D878 /* AppDelegate.swift */; };
		5E0337F11F5E665000C4D878 /* ViewController.swift in Sources */ = {isa = PBXBuildFile; fileRef = 5E0337F01F5E665000C4D878 /* ViewController.swift */; };
		5E0337F41F5E665000C4D878 /* Main.storyboard in Resources */ = {isa = PBXBuildFile; fileRef = 5E0337F21F5E665000C4D878 /* Main.storyboard */; };
		5E0337F61F5E665100C4D878 /* Assets.xcassets in Resources */ = {isa = PBXBuildFile; fileRef = 5E0337F51F5E665100C4D878 /* Assets.xcassets */; };
		5E0337F91F5E665100C4D878 /* LaunchScreen.storyboard in Resources */ = {isa = PBXBuildFile; fileRef = 5E0337F71F5E665100C4D878 /* LaunchScreen.storyboard */; };
		5E0338041F5E665100C4D878 /* ItsuDareGameTests.swift in Sources */ = {isa = PBXBuildFile; fileRef = 5E0338031F5E665100C4D878 /* ItsuDareGameTests.swift */; };
		5E03380F1F5E665100C4D878 /* ItsuDareGameUITests.swift in Sources */ = {isa = PBXBuildFile; fileRef = 5E03380E1F5E665100C4D878 /* ItsuDareGameUITests.swift */; };
/* End PBXBuildFile section */

/* Begin PBXContainerItemProxy section */
		5E0338001F5E665100C4D878 /* PBXContainerItemProxy */ = {
			isa = PBXContainerItemProxy;
			containerPortal = 5E0337E31F5E665000C4D878 /* Project object */;
			proxyType = 1;
			remoteGlobalIDString = 5E0337EA1F5E665000C4D878;
			remoteInfo = ItsuDareGame;
		};
		5E03380B1F5E665100C4D878 /* PBXContainerItemProxy */ = {
			isa = PBXContainerItemProxy;
			containerPortal = 5E0337E31F5E665000C4D878 /* Project object */;
			proxyType = 1;
			remoteGlobalIDString = 5E0337EA1F5E665000C4D878;
			remoteInfo = ItsuDareGame;
		};
/* End PBXContainerItemProxy section */

/* Begin PBXFileReference section */
		5E0337EB1F5E665000C4D878 /* ItsuDareGame.app */ = {isa = PBXFileReference; explicitFileType = wrapper.application; includeInIndex = 0; path = ItsuDareGame.app; sourceTree = BUILT_PRODUCTS_DIR; };
		5E0337EE1F5E665000C4D878 /* AppDelegate.swift */ = {isa = PBXFileReference; lastKnownFileType = sourcecode.swift; path = AppDelegate.swift; sourceTree = "<group>"; };
		5E0337F01F5E665000C4D878 /* ViewController.swift */ = {isa = PBXFileReference; lastKnownFileType = sourcecode.swift; path = ViewController.swift; sourceTree = "<group>"; };
		5E0337F31F5E665000C4D878 /* Base */ = {isa = PBXFileReference; lastKnownFileType = file.storyboard; name = Base; path = Base.lproj/Main.storyboard; sourceTree = "<group>"; };
		5E0337F51F5E665100C4D878 /* Assets.xcassets */ = {isa = PBXFileReference; lastKnownFileType = folder.assetcatalog; path = Assets.xcassets; sourceTree = "<group>"; };
		5E0337F81F5E665100C4D878 /* Base */ = {isa = PBXFileReference; lastKnownFileType = file.storyboard; name = Base; path = Base.lproj/LaunchScreen.storyboard; sourceTree = "<group>"; };
		5E0337FA1F5E665100C4D878 /* Info.plist */ = {isa = PBXFileReference; lastKnownFileType = text.plist.xml; path = Info.plist; sourceTree = "<group>"; };
		5E0337FF1F5E665100C4D878 /* ItsuDareGameTests.xctest */ = {isa = PBXFileReference; explicitFileType = wrapper.cfbundle; includeInIndex = 0; path = ItsuDareGameTests.xctest; sourceTree = BUILT_PRODUCTS_DIR; };
		5E0338031F5E665100C4D878 /* ItsuDareGameTests.swift */ = {isa = PBXFileReference; lastKnownFileType = sourcecode.swift; path = ItsuDareGameTests.swift; sourceTree = "<group>"; };
		5E0338051F5E665100C4D878 /* Info.plist */ = {isa = PBXFileReference; lastKnownFileType = text.plist.xml; path = Info.plist; sourceTree = "<group>"; };
		5E03380A1F5E665100C4D878 /* ItsuDareGameUITests.xctest */ = {isa = PBXFileReference; explicitFileType = wrapper.cfbundle; includeInIndex = 0; path = ItsuDareGameUITests.xctest; sourceTree = BUILT_PRODUCTS_DIR; };
		5E03380E1F5E665100C4D878 /* ItsuDareGameUITests.swift */ = {isa = PBXFileReference; lastKnownFileType = sourcecode.swift; path = ItsuDareGameUITests.swift; sourceTree = "<group>"; };
		5E0338101F5E665100C4D878 /* Info.plist */ = {isa = PBXFileReference; lastKnownFileType = text.plist.xml; path = Info.plist; sourceTree = "<group>"; };
/* End PBXFileReference section */

/* Begin PBXFrameworksBuildPhase section */
		5E0337E81F5E665000C4D878 /* Frameworks */ = {
			isa = PBXFrameworksBuildPhase;
			buildActionMask = 2147483647;
			files = (
			);
			runOnlyForDeploymentPostprocessing = 0;
		};
		5E0337FC1F5E665100C4D878 /* Frameworks */ = {
			isa = PBXFrameworksBuildPhase;
			buildActionMask = 2147483647;
			files = (
			);
			runOnlyForDeploymentPostprocessing = 0;
		};
		5E0338071F5E665100C4D878 /* Frameworks */ = {
			isa = PBXFrameworksBuildPhase;
			buildActionMask = 2147483647;
			files = (
			);
			runOnlyForDeploymentPostprocessing = 0;
		};
/* End PBXFrameworksBuildPhase section */

/* Begin PBXGroup section */
		5E0337E21F5E665000C4D878 = {
			isa = PBXGroup;
			children = (
				5E0337ED1F5E665000C4D878 /* ItsuDareGame */,
				5E0338021F5E665100C4D878 /* ItsuDareGameTests */,
				5E03380D1F5E665100C4D878 /* ItsuDareGameUITests */,
				5E0337EC1F5E665000C4D878 /* Products */,
			);
			sourceTree = "<group>";
		};
		5E0337EC1F5E665000C4D878 /* Products */ = {
			isa = PBXGroup;
			children = (
				5E0337EB1F5E665000C4D878 /* ItsuDareGame.app */,
				5E0337FF1F5E665100C4D878 /* ItsuDareGameTests.xctest */,
				5E03380A1F5E665100C4D878 /* ItsuDareGameUITests.xctest */,
			);
			name = Products;
			sourceTree = "<group>";
		};
		5E0337ED1F5E665000C4D878 /* ItsuDareGame */ = {
			isa = PBXGroup;
			children = (
				5E0337EE1F5E665000C4D878 /* AppDelegate.swift */,
				5E0337F01F5E665000C4D878 /* ViewController.swift */,
				5E0337F21F5E665000C4D878 /* Main.storyboard */,
				5E0337F51F5E665100C4D878 /* Assets.xcassets */,
				5E0337F71F5E665100C4D878 /* LaunchScreen.storyboard */,
				5E0337FA1F5E665100C4D878 /* Info.plist */,
			);
			path = ItsuDareGame;
			sourceTree = "<group>";
		};
		5E0338021F5E665100C4D878 /* ItsuDareGameTests */ = {
			isa = PBXGroup;
			children = (
				5E0338031F5E665100C4D878 /* ItsuDareGameTests.swift */,
				5E0338051F5E665100C4D878 /* Info.plist */,
			);
			path = ItsuDareGameTests;
			sourceTree = "<group>";
		};
		5E03380D1F5E665100C4D878 /* ItsuDareGameUITests */ = {
			isa = PBXGroup;
			children = (
				5E03380E1F5E665100C4D878 /* ItsuDareGameUITests.swift */,
				5E0338101F5E665100C4D878 /* Info.plist */,
			);
			path = ItsuDareGameUITests;
			sourceTree = "<group>";
		};
/* End PBXGroup section */

/* Begin PBXNativeTarget section */
		5E0337EA1F5E665000C4D878 /* ItsuDareGame */ = {
			isa = PBXNativeTarget;
			buildConfigurationList = 5E0338131F5E665100C4D878 /* Build configuration list for PBXNativeTarget "ItsuDareGame" */;
			buildPhases = (
				5E0337E71F5E665000C4D878 /* Sources */,
				5E0337E81F5E665000C4D878 /* Frameworks */,
				5E0337E91F5E665000C4D878 /* Resources */,
			);
			buildRules = (
			);
			dependencies = (
			);
			name = ItsuDareGame;
			productName = ItsuDareGame;
			productReference = 5E0337EB1F5E665000C4D878 /* ItsuDareGame.app */;
			productType = "com.apple.product-type.application";
		};
		5E0337FE1F5E665100C4D878 /* ItsuDareGameTests */ = {
			isa = PBXNativeTarget;
			buildConfigurationList = 5E0338161F5E665100C4D878 /* Build configuration list for PBXNativeTarget "ItsuDareGameTests" */;
			buildPhases = (
				5E0337FB1F5E665100C4D878 /* Sources */,
				5E0337FC1F5E665100C4D878 /* Frameworks */,
				5E0337FD1F5E665100C4D878 /* Resources */,
			);
			buildRules = (
			);
			dependencies = (
				5E0338011F5E665100C4D878 /* PBXTargetDependency */,
			);
			name = ItsuDareGameTests;
			productName = ItsuDareGameTests;
			productReference = 5E0337FF1F5E665100C4D878 /* ItsuDareGameTests.xctest */;
			productType = "com.apple.product-type.bundle.unit-test";
		};
		5E0338091F5E665100C4D878 /* ItsuDareGameUITests */ = {
			isa = PBXNativeTarget;
			buildConfigurationList = 5E0338191F5E665100C4D878 /* Build configuration list for PBXNativeTarget "ItsuDareGameUITests" */;
			buildPhases = (
				5E0338061F5E665100C4D878 /* Sources */,
				5E0338071F5E665100C4D878 /* Frameworks */,
				5E0338081F5E665100C4D878 /* Resources */,
			);
			buildRules = (
			);
			dependencies = (
				5E03380C1F5E665100C4D878 /* PBXTargetDependency */,
			);
			name = ItsuDareGameUITests;
			productName = ItsuDareGameUITests;
			productReference = 5E03380A1F5E665100C4D878 /* ItsuDareGameUITests.xctest */;
			productType = "com.apple.product-type.bundle.ui-testing";
		};
/* End PBXNativeTarget section */

/* Begin PBXProject section */
		5E0337E31F5E665000C4D878 /* Project object */ = {
			isa = PBXProject;
			attributes = {
				LastSwiftUpdateCheck = 0820;
				LastUpgradeCheck = 0820;
				ORGANIZATIONNAME = "小西夏穂";
				TargetAttributes = {
					5E0337EA1F5E665000C4D878 = {
						CreatedOnToolsVersion = 8.2.1;
						ProvisioningStyle = Automatic;
					};
					5E0337FE1F5E665100C4D878 = {
						CreatedOnToolsVersion = 8.2.1;
						ProvisioningStyle = Automatic;
						TestTargetID = 5E0337EA1F5E665000C4D878;
					};
					5E0338091F5E665100C4D878 = {
						CreatedOnToolsVersion = 8.2.1;
						ProvisioningStyle = Automatic;
						TestTargetID = 5E0337EA1F5E665000C4D878;
					};
				};
			};
			buildConfigurationList = 5E0337E61F5E665000C4D878 /* Build configuration list for PBXProject "ItsuDareGame" */;
			compatibilityVersion = "Xcode 3.2";
			developmentRegion = English;
			hasScannedForEncodings = 0;
			knownRegions = (
				en,
				Base,
			);
			mainGroup = 5E0337E21F5E665000C4D878;
			productRefGroup = 5E0337EC1F5E665000C4D878 /* Products */;
			projectDirPath = "";
			projectRoot = "";
			targets = (
				5E0337EA1F5E665000C4D878 /* ItsuDareGame */,
				5E0337FE1F5E665100C4D878 /* ItsuDareGameTests */,
				5E0338091F5E665100C4D878 /* ItsuDareGameUITests */,
			);
		};
/* End PBXProject section */

/* Begin PBXResourcesBuildPhase section */
		5E0337E91F5E665000C4D878 /* Resources */ = {
			isa = PBXResourcesBuildPhase;
			buildActionMask = 2147483647;
			files = (
				5E0337F91F5E665100C4D878 /* LaunchScreen.storyboard in Resources */,
				5E0337F61F5E665100C4D878 /* Assets.xcassets in Resources */,
				5E0337F41F5E665000C4D878 /* Main.storyboard in Resources */,
			);
			runOnlyForDeploymentPostprocessing = 0;
		};
		5E0337FD1F5E665100C4D878 /* Resources */ = {
			isa = PBXResourcesBuildPhase;
			buildActionMask = 2147483647;
			files = (
			);
			runOnlyForDeploymentPostprocessing = 0;
		};
		5E0338081F5E665100C4D878 /* Resources */ = {
			isa = PBXResourcesBuildPhase;
			buildActionMask = 2147483647;
			files = (
			);
			runOnlyForDeploymentPostprocessing = 0;
		};
/* End PBXResourcesBuildPhase section */

/* Begin PBXSourcesBuildPhase section */
		5E0337E71F5E665000C4D878 /* Sources */ = {
			isa = PBXSourcesBuildPhase;
			buildActionMask = 2147483647;
			files = (
				5E0337F11F5E665000C4D878 /* ViewController.swift in Sources */,
				5E0337EF1F5E665000C4D878 /* AppDelegate.swift in Sources */,
			);
			runOnlyForDeploymentPostprocessing = 0;
		};
		5E0337FB1F5E665100C4D878 /* Sources */ = {
			isa = PBXSourcesBuildPhase;
			buildActionMask = 2147483647;
			files = (
				5E0338041F5E665100C4D878 /* ItsuDareGameTests.swift in Sources */,
			);
			runOnlyForDeploymentPostprocessing = 0;
		};
		5E0338061F5E665100C4D878 /* Sources */ = {
			isa = PBXSourcesBuildPhase;
			buildActionMask = 2147483647;
			files = (
				5E03380F1F5E665100C4D878 /* ItsuDareGameUITests.swift in Sources */,
			);
			runOnlyForDeploymentPostprocessing = 0;
		};
/* End PBXSourcesBuildPhase section */

/* Begin PBXTargetDependency section */
		5E0338011F5E665100C4D878 /* PBXTargetDependency */ = {
			isa = PBXTargetDependency;
			target = 5E0337EA1F5E665000C4D878 /* ItsuDareGame */;
			targetProxy = 5E0338001F5E665100C4D878 /* PBXContainerItemProxy */;
		};
		5E03380C1F5E665100C4D878 /* PBXTargetDependency */ = {
			isa = PBXTargetDependency;
			target = 5E0337EA1F5E665000C4D878 /* ItsuDareGame */;
			targetProxy = 5E03380B1F5E665100C4D878 /* PBXContainerItemProxy */;
		};
/* End PBXTargetDependency section */

/* Begin PBXVariantGroup section */
		5E0337F21F5E665000C4D878 /* Main.storyboard */ = {
			isa = PBXVariantGroup;
			children = (
				5E0337F31F5E665000C4D878 /* Base */,
			);
			name = Main.storyboard;
			sourceTree = "<group>";
		};
		5E0337F71F5E665100C4D878 /* LaunchScreen.storyboard */ = {
			isa = PBXVariantGroup;
			children = (
				5E0337F81F5E665100C4D878 /* Base */,
			);
			name = LaunchScreen.storyboard;
			sourceTree = "<group>";
		};
/* End PBXVariantGroup section */

/* Begin XCBuildConfiguration section */
		5E0338111F5E665100C4D878 /* Debug */ = {
			isa = XCBuildConfiguration;
			buildSettings = {
				ALWAYS_SEARCH_USER_PATHS = NO;
				CLANG_ANALYZER_NONNULL = YES;
				CLANG_CXX_LANGUAGE_STANDARD = "gnu++0x";
				CLANG_CXX_LIBRARY = "libc++";
				CLANG_ENABLE_MODULES = YES;
				CLANG_ENABLE_OBJC_ARC = YES;
				CLANG_WARN_BOOL_CONVERSION = YES;
				CLANG_WARN_CONSTANT_CONVERSION = YES;
				CLANG_WARN_DIRECT_OBJC_ISA_USAGE = YES_ERROR;
				CLANG_WARN_DOCUMENTATION_COMMENTS = YES;
				CLANG_WARN_EMPTY_BODY = YES;
				CLANG_WARN_ENUM_CONVERSION = YES;
				CLANG_WARN_INFINITE_RECURSION = YES;
				CLANG_WARN_INT_CONVERSION = YES;
				CLANG_WARN_OBJC_ROOT_CLASS = YES_ERROR;
				CLANG_WARN_SUSPICIOUS_MOVE = YES;
				CLANG_WARN_UNREACHABLE_CODE = YES;
				CLANG_WARN__DUPLICATE_METHOD_MATCH = YES;
				"CODE_SIGN_IDENTITY[sdk=iphoneos*]" = "iPhone Developer";
				COPY_PHASE_STRIP = NO;
				DEBUG_INFORMATION_FORMAT = dwarf;
				ENABLE_STRICT_OBJC_MSGSEND = YES;
				ENABLE_TESTABILITY = YES;
				GCC_C_LANGUAGE_STANDARD = gnu99;
				GCC_DYNAMIC_NO_PIC = NO;
				GCC_NO_COMMON_BLOCKS = YES;
				GCC_OPTIMIZATION_LEVEL = 0;
				GCC_PREPROCESSOR_DEFINITIONS = (
					"DEBUG=1",
					"$(inherited)",
				);
				GCC_WARN_64_TO_32_BIT_CONVERSION = YES;
				GCC_WARN_ABOUT_RETURN_TYPE = YES_ERROR;
				GCC_WARN_UNDECLARED_SELECTOR = YES;
				GCC_WARN_UNINITIALIZED_AUTOS = YES_AGGRESSIVE;
				GCC_WARN_UNUSED_FUNCTION = YES;
				GCC_WARN_UNUSED_VARIABLE = YES;
				IPHONEOS_DEPLOYMENT_TARGET = 10.2;
				MTL_ENABLE_DEBUG_INFO = YES;
				ONLY_ACTIVE_ARCH = YES;
				SDKROOT = iphoneos;
				SWIFT_ACTIVE_COMPILATION_CONDITIONS = DEBUG;
				SWIFT_OPTIMIZATION_LEVEL = "-Onone";
			};
			name = Debug;
		};
		5E0338121F5E665100C4D878 /* Release */ = {
			isa = XCBuildConfiguration;
			buildSettings = {
				ALWAYS_SEARCH_USER_PATHS = NO;
				CLANG_ANALYZER_NONNULL = YES;
				CLANG_CXX_LANGUAGE_STANDARD = "gnu++0x";
				CLANG_CXX_LIBRARY = "libc++";
				CLANG_ENABLE_MODULES = YES;
				CLANG_ENABLE_OBJC_ARC = YES;
				CLANG_WARN_BOOL_CONVERSION = YES;
				CLANG_WARN_CONSTANT_CONVERSION = YES;
				CLANG_WARN_DIRECT_OBJC_ISA_USAGE = YES_ERROR;
				CLANG_WARN_DOCUMENTATION_COMMENTS = YES;
				CLANG_WARN_EMPTY_BODY = YES;
				CLANG_WARN_ENUM_CONVERSION = YES;
				CLANG_WARN_INFINITE_RECURSION = YES;
				CLANG_WARN_INT_CONVERSION = YES;
				CLANG_WARN_OBJC_ROOT_CLASS = YES_ERROR;
				CLANG_WARN_SUSPICIOUS_MOVE = YES;
				CLANG_WARN_UNREACHABLE_CODE = YES;
				CLANG_WARN__DUPLICATE_METHOD_MATCH = YES;
				"CODE_SIGN_IDENTITY[sdk=iphoneos*]" = "iPhone Developer";
				COPY_PHASE_STRIP = NO;
				DEBUG_INFORMATION_FORMAT = "dwarf-with-dsym";
				ENABLE_NS_ASSERTIONS = NO;
				ENABLE_STRICT_OBJC_MSGSEND = YES;
				GCC_C_LANGUAGE_STANDARD = gnu99;
				GCC_NO_COMMON_BLOCKS = YES;
				GCC_WARN_64_TO_32_BIT_CONVERSION = YES;
				GCC_WARN_ABOUT_RETURN_TYPE = YES_ERROR;
				GCC_WARN_UNDECLARED_SELECTOR = YES;
				GCC_WARN_UNINITIALIZED_AUTOS = YES_AGGRESSIVE;
				GCC_WARN_UNUSED_FUNCTION = YES;
				GCC_WARN_UNUSED_VARIABLE = YES;
				IPHONEOS_DEPLOYMENT_TARGET = 10.2;
				MTL_ENABLE_DEBUG_INFO = NO;
				SDKROOT = iphoneos;
				SWIFT_OPTIMIZATION_LEVEL = "-Owholemodule";
				VALIDATE_PRODUCT = YES;
			};
			name = Release;
		};
		5E0338141F5E665100C4D878 /* Debug */ = {
			isa = XCBuildConfiguration;
			buildSettings = {
				ASSETCATALOG_COMPILER_APPICON_NAME = AppIcon;
				INFOPLIST_FILE = ItsuDareGame/Info.plist;
				LD_RUNPATH_SEARCH_PATHS = "$(inherited) @executable_path/Frameworks";
				PRODUCT_BUNDLE_IDENTIFIER = com.litech.ItsuDareGame;
				PRODUCT_NAME = "$(TARGET_NAME)";
				SWIFT_VERSION = 3.0;
			};
			name = Debug;
		};
		5E0338151F5E665100C4D878 /* Release */ = {
			isa = XCBuildConfiguration;
			buildSettings = {
				ASSETCATALOG_COMPILER_APPICON_NAME = AppIcon;
				INFOPLIST_FILE = ItsuDareGame/Info.plist;
				LD_RUNPATH_SEARCH_PATHS = "$(inherited) @executable_path/Frameworks";
				PRODUCT_BUNDLE_IDENTIFIER = com.litech.ItsuDareGame;
				PRODUCT_NAME = "$(TARGET_NAME)";
				SWIFT_VERSION = 3.0;
			};
			name = Release;
		};
		5E0338171F5E665100C4D878 /* Debug */ = {
			isa = XCBuildConfiguration;
			buildSettings = {
				ALWAYS_EMBED_SWIFT_STANDARD_LIBRARIES = YES;
				BUNDLE_LOADER = "$(TEST_HOST)";
				INFOPLIST_FILE = ItsuDareGameTests/Info.plist;
				LD_RUNPATH_SEARCH_PATHS = "$(inherited) @executable_path/Frameworks @loader_path/Frameworks";
				PRODUCT_BUNDLE_IDENTIFIER = com.litech.ItsuDareGameTests;
				PRODUCT_NAME = "$(TARGET_NAME)";
				SWIFT_VERSION = 3.0;
				TEST_HOST = "$(BUILT_PRODUCTS_DIR)/ItsuDareGame.app/ItsuDareGame";
			};
			name = Debug;
		};
		5E0338181F5E665100C4D878 /* Release */ = {
			isa = XCBuildConfiguration;
			buildSettings = {
				ALWAYS_EMBED_SWIFT_STANDARD_LIBRARIES = YES;
				BUNDLE_LOADER = "$(TEST_HOST)";
				INFOPLIST_FILE = ItsuDareGameTests/Info.plist;
				LD_RUNPATH_SEARCH_PATHS = "$(inherited) @executable_path/Frameworks @loader_path/Frameworks";
				PRODUCT_BUNDLE_IDENTIFIER = com.litech.ItsuDareGameTests;
				PRODUCT_NAME = "$(TARGET_NAME)";
				SWIFT_VERSION = 3.0;
				TEST_HOST = "$(BUILT_PRODUCTS_DIR)/ItsuDareGame.app/ItsuDareGame";
			};
			name = Release;
		};
		5E03381A1F5E665100C4D878 /* Debug */ = {
			isa = XCBuildConfiguration;
			buildSettings = {
				ALWAYS_EMBED_SWIFT_STANDARD_LIBRARIES = YES;
				INFOPLIST_FILE = ItsuDareGameUITests/Info.plist;
				LD_RUNPATH_SEARCH_PATHS = "$(inherited) @executable_path/Frameworks @loader_path/Frameworks";
				PRODUCT_BUNDLE_IDENTIFIER = com.litech.ItsuDareGameUITests;
				PRODUCT_NAME = "$(TARGET_NAME)";
				SWIFT_VERSION = 3.0;
				TEST_TARGET_NAME = ItsuDareGame;
			};
			name = Debug;
		};
		5E03381B1F5E665100C4D878 /* Release */ = {
			isa = XCBuildConfiguration;
			buildSettings = {
				ALWAYS_EMBED_SWIFT_STANDARD_LIBRARIES = YES;
				INFOPLIST_FILE = ItsuDareGameUITests/Info.plist;
				LD_RUNPATH_SEARCH_PATHS = "$(inherited) @executable_path/Frameworks @loader_path/Frameworks";
				PRODUCT_BUNDLE_IDENTIFIER = com.litech.ItsuDareGameUITests;
				PRODUCT_NAME = "$(TARGET_NAME)";
				SWIFT_VERSION = 3.0;
				TEST_TARGET_NAME = ItsuDareGame;
			};
			name = Release;
		};
/* End XCBuildConfiguration section */

/* Begin XCConfigurationList section */
		5E0337E61F5E665000C4D878 /* Build configuration list for PBXProject "ItsuDareGame" */ = {
			isa = XCConfigurationList;
			buildConfigurations = (
				5E0338111F5E665100C4D878 /* Debug */,
				5E0338121F5E665100C4D878 /* Release */,
			);
			defaultConfigurationIsVisible = 0;
			defaultConfigurationName = Release;
		};
		5E0338131F5E665100C4D878 /* Build configuration list for PBXNativeTarget "ItsuDareGame" */ = {
			isa = XCConfigurationList;
			buildConfigurations = (
				5E0338141F5E665100C4D878 /* Debug */,
				5E0338151F5E665100C4D878 /* Release */,
			);
			defaultConfigurationIsVisible = 0;
		};
		5E0338161F5E665100C4D878 /* Build configuration list for PBXNativeTarget "ItsuDareGameTests" */ = {
			isa = XCConfigurationList;
			buildConfigurations = (
				5E0338171F5E665100C4D878 /* Debug */,
				5E0338181F5E665100C4D878 /* Release */,
			);
			defaultConfigurationIsVisible = 0;
		};
		5E0338191F5E665100C4D878 /* Build configuration list for PBXNativeTarget "ItsuDareGameUITests" */ = {
			isa = XCConfigurationList;
			buildConfigurations = (
				5E03381A1F5E665100C4D878 /* Debug */,
				5E03381B1F5E665100C4D878 /* Release */,
			);
			defaultConfigurationIsVisible = 0;
		};
/* End XCConfigurationList section */
	};
	rootObject = 5E0337E31F5E665000C4D878 /* Project object */;
}
